{
  "name": "u1_pokemon-api-lab",
  "lockfileVersion": 3,
  "requires": true,
  "packages": {
    "": {
      "dependencies": {
        "pokemon-sprites": "github:PokeAPI/sprites"
      }
    },
    "node_modules/pokemon-sprites": {
      "version": "1.0.0",
      "resolved": "git+ssh://git@github.com/PokeAPI/sprites.git#6127a37944160e603c1a707ac0c5f8e367b4050a",
      "license": "ISC"
    }
  }
}
